// !$*UTF8*$!
{
	archiveVersion = 1;
	classes = {
	};
	objectVersion = 50;
	objects = {

/* Begin PBXBuildFile section */
		B8074065244AB0B20087D7F1 /* AppDelegate.swift in Sources */ = {isa = PBXBuildFile; fileRef = B8074064244AB0B20087D7F1 /* AppDelegate.swift */; };
		B8074067244AB0B20087D7F1 /* SceneDelegate.swift in Sources */ = {isa = PBXBuildFile; fileRef = B8074066244AB0B20087D7F1 /* SceneDelegate.swift */; };
		B8074069244AB0B20087D7F1 /* ViewController.swift in Sources */ = {isa = PBXBuildFile; fileRef = B8074068244AB0B20087D7F1 /* ViewController.swift */; };
		B807406C244AB0B20087D7F1 /* Main.storyboard in Resources */ = {isa = PBXBuildFile; fileRef = B807406A244AB0B20087D7F1 /* Main.storyboard */; };
		B807406E244AB0B40087D7F1 /* Assets.xcassets in Resources */ = {isa = PBXBuildFile; fileRef = B807406D244AB0B40087D7F1 /* Assets.xcassets */; };
		B8074071244AB0B40087D7F1 /* LaunchScreen.storyboard in Resources */ = {isa = PBXBuildFile; fileRef = B807406F244AB0B40087D7F1 /* LaunchScreen.storyboard */; };
		B8074079244AB32D0087D7F1 /* PinkViewController.swift in Sources */ = {isa = PBXBuildFile; fileRef = B8074078244AB32D0087D7F1 /* PinkViewController.swift */; };
		B807407B244ABD640087D7F1 /* FirstViewController.swift in Sources */ = {isa = PBXBuildFile; fileRef = B807407A244ABD640087D7F1 /* FirstViewController.swift */; };
		B807407D244ABD6C0087D7F1 /* SecondViewController.swift in Sources */ = {isa = PBXBuildFile; fileRef = B807407C244ABD6C0087D7F1 /* SecondViewController.swift */; };
/* End PBXBuildFile section */

/* Begin PBXFileReference section */
		B8074061244AB0B20087D7F1 /* IOS_FirstWeek_Seminar_Exercise.app */ = {isa = PBXFileReference; explicitFileType = wrapper.application; includeInIndex = 0; path = IOS_FirstWeek_Seminar_Exercise.app; sourceTree = BUILT_PRODUCTS_DIR; };
		B8074064244AB0B20087D7F1 /* AppDelegate.swift */ = {isa = PBXFileReference; lastKnownFileType = sourcecode.swift; path = AppDelegate.swift; sourceTree = "<group>"; };
		B8074066244AB0B20087D7F1 /* SceneDelegate.swift */ = {isa = PBXFileReference; lastKnownFileType = sourcecode.swift; path = SceneDelegate.swift; sourceTree = "<group>"; };
		B8074068244AB0B20087D7F1 /* ViewController.swift */ = {isa = PBXFileReference; lastKnownFileType = sourcecode.swift; path = ViewController.swift; sourceTree = "<group>"; };
		B807406B244AB0B20087D7F1 /* Base */ = {isa = PBXFileReference; lastKnownFileType = file.storyboard; name = Base; path = Base.lproj/Main.storyboard; sourceTree = "<group>"; };
		B807406D244AB0B40087D7F1 /* Assets.xcassets */ = {isa = PBXFileReference; lastKnownFileType = folder.assetcatalog; path = Assets.xcassets; sourceTree = "<group>"; };
		B8074070244AB0B40087D7F1 /* Base */ = {isa = PBXFileReference; lastKnownFileType = file.storyboard; name = Base; path = Base.lproj/LaunchScreen.storyboard; sourceTree = "<group>"; };
		B8074072244AB0B40087D7F1 /* Info.plist */ = {isa = PBXFileReference; lastKnownFileType = text.plist.xml; path = Info.plist; sourceTree = "<group>"; };
		B8074078244AB32D0087D7F1 /* PinkViewController.swift */ = {isa = PBXFileReference; lastKnownFileType = sourcecode.swift; path = PinkViewController.swift; sourceTree = "<group>"; };
		B807407A244ABD640087D7F1 /* FirstViewController.swift */ = {isa = PBXFileReference; lastKnownFileType = sourcecode.swift; path = FirstViewController.swift; sourceTree = "<group>"; };
		B807407C244ABD6C0087D7F1 /* SecondViewController.swift */ = {isa = PBXFileReference; lastKnownFileType = sourcecode.swift; path = SecondViewController.swift; sourceTree = "<group>"; };
/* End PBXFileReference section */

/* Begin PBXFrameworksBuildPhase section */
		B807405E244AB0B20087D7F1 /* Frameworks */ = {
			isa = PBXFrameworksBuildPhase;
			buildActionMask = 2147483647;
			files = (
			);
			runOnlyForDeploymentPostprocessing = 0;
		};
/* End PBXFrameworksBuildPhase section */

/* Begin PBXGroup section */
		B8074058244AB0B20087D7F1 = {
			isa = PBXGroup;
			children = (
				B8074063244AB0B20087D7F1 /* IOS_FirstWeek_Seminar_Exercise */,
				B8074062244AB0B20087D7F1 /* Products */,
			);
			sourceTree = "<group>";
		};
		B8074062244AB0B20087D7F1 /* Products */ = {
			isa = PBXGroup;
			children = (
				B8074061244AB0B20087D7F1 /* IOS_FirstWeek_Seminar_Exercise.app */,
			);
			name = Products;
			sourceTree = "<group>";
		};
		B8074063244AB0B20087D7F1 /* IOS_FirstWeek_Seminar_Exercise */ = {
			isa = PBXGroup;
			children = (
				B8074064244AB0B20087D7F1 /* AppDelegate.swift */,
				B8074066244AB0B20087D7F1 /* SceneDelegate.swift */,
				B8074068244AB0B20087D7F1 /* ViewController.swift */,
				B807406A244AB0B20087D7F1 /* Main.storyboard */,
				B807406D244AB0B40087D7F1 /* Assets.xcassets */,
				B807406F244AB0B40087D7F1 /* LaunchScreen.storyboard */,
				B8074072244AB0B40087D7F1 /* Info.plist */,
				B8074078244AB32D0087D7F1 /* PinkViewController.swift */,
				B807407A244ABD640087D7F1 /* FirstViewController.swift */,
				B807407C244ABD6C0087D7F1 /* SecondViewController.swift */,
			);
			path = IOS_FirstWeek_Seminar_Exercise;
			sourceTree = "<group>";
		};
/* End PBXGroup section */

/* Begin PBXNativeTarget section */
		B8074060244AB0B20087D7F1 /* IOS_FirstWeek_Seminar_Exercise */ = {
			isa = PBXNativeTarget;
			buildConfigurationList = B8074075244AB0B40087D7F1 /* Build configuration list for PBXNativeTarget "IOS_FirstWeek_Seminar_Exercise" */;
			buildPhases = (
				B807405D244AB0B20087D7F1 /* Sources */,
				B807405E244AB0B20087D7F1 /* Frameworks */,
				B807405F244AB0B20087D7F1 /* Resources */,
			);
			buildRules = (
			);
			dependencies = (
			);
			name = IOS_FirstWeek_Seminar_Exercise;
			productName = IOS_FirstWeek_Seminar_Exercise;
			productReference = B8074061244AB0B20087D7F1 /* IOS_FirstWeek_Seminar_Exercise.app */;
			productType = "com.apple.product-type.application";
		};
/* End PBXNativeTarget section */

/* Begin PBXProject section */
		B8074059244AB0B20087D7F1 /* Project object */ = {
			isa = PBXProject;
			attributes = {
				LastSwiftUpdateCheck = 1130;
				LastUpgradeCheck = 1130;
				ORGANIZATIONNAME = "김지현";
				TargetAttributes = {
					B8074060244AB0B20087D7F1 = {
						CreatedOnToolsVersion = 11.3.1;
					};
				};
			};
			buildConfigurationList = B807405C244AB0B20087D7F1 /* Build configuration list for PBXProject "IOS_FirstWeek_Seminar_Exercise" */;
			compatibilityVersion = "Xcode 9.3";
			developmentRegion = en;
			hasScannedForEncodings = 0;
			knownRegions = (
				en,
				Base,
			);
			mainGroup = B8074058244AB0B20087D7F1;
			productRefGroup = B8074062244AB0B20087D7F1 /* Products */;
			projectDirPath = "";
			projectRoot = "";
			targets = (
				B8074060244AB0B20087D7F1 /* IOS_FirstWeek_Seminar_Exercise */,
			);
		};
/* End PBXProject section */

/* Begin PBXResourcesBuildPhase section */
		B807405F244AB0B20087D7F1 /* Resources */ = {
			isa = PBXResourcesBuildPhase;
			buildActionMask = 2147483647;
			files = (
				B8074071244AB0B40087D7F1 /* LaunchScreen.storyboard in Resources */,
				B807406E244AB0B40087D7F1 /* Assets.xcassets in Resources */,
				B807406C244AB0B20087D7F1 /* Main.storyboard in Resources */,
			);
			runOnlyForDeploymentPostprocessing = 0;
		};
/* End PBXResourcesBuildPhase section */

/* Begin PBXSourcesBuildPhase section */
		B807405D244AB0B20087D7F1 /* Sources */ = {
			isa = PBXSourcesBuildPhase;
			buildActionMask = 2147483647;
			files = (
				B807407D244ABD6C0087D7F1 /* SecondViewController.swift in Sources */,
				B807407B244ABD640087D7F1 /* FirstViewController.swift in Sources */,
				B8074079244AB32D0087D7F1 /* PinkViewController.swift in Sources */,
				B8074069244AB0B20087D7F1 /* ViewController.swift in Sources */,
				B8074065244AB0B20087D7F1 /* AppDelegate.swift in Sources */,
				B8074067244AB0B20087D7F1 /* SceneDelegate.swift in Sources */,
			);
			runOnlyForDeploymentPostprocessing = 0;
		};
/* End PBXSourcesBuildPhase section */

/* Begin PBXVariantGroup section */
		B807406A244AB0B20087D7F1 /* Main.storyboard */ = {
			isa = PBXVariantGroup;
			children = (
				B807406B244AB0B20087D7F1 /* Base */,
			);
			name = Main.storyboard;
			sourceTree = "<group>";
		};
		B807406F244AB0B40087D7F1 /* LaunchScreen.storyboard */ = {
			isa = PBXVariantGroup;
			children = (
				B8074070244AB0B40087D7F1 /* Base */,
			);
			name = LaunchScreen.storyboard;
			sourceTree = "<group>";
		};
/* End PBXVariantGroup section */

/* Begin XCBuildConfiguration section */
		B8074073244AB0B40087D7F1 /* Debug */ = {
			isa = XCBuildConfiguration;
			buildSettings = {
				ALWAYS_SEARCH_USER_PATHS = NO;
				CLANG_ANALYZER_NONNULL = YES;
				CLANG_ANALYZER_NUMBER_OBJECT_CONVERSION = YES_AGGRESSIVE;
				CLANG_CXX_LANGUAGE_STANDARD = "gnu++14";
				CLANG_CXX_LIBRARY = "libc++";
				CLANG_ENABLE_MODULES = YES;
				CLANG_ENABLE_OBJC_ARC = YES;
				CLANG_ENABLE_OBJC_WEAK = YES;
				CLANG_WARN_BLOCK_CAPTURE_AUTORELEASING = YES;
				CLANG_WARN_BOOL_CONVERSION = YES;
				CLANG_WARN_COMMA = YES;
				CLANG_WARN_CONSTANT_CONVERSION = YES;
				CLANG_WARN_DEPRECATED_OBJC_IMPLEMENTATIONS = YES;
				CLANG_WARN_DIRECT_OBJC_ISA_USAGE = YES_ERROR;
				CLANG_WARN_DOCUMENTATION_COMMENTS = YES;
				CLANG_WARN_EMPTY_BODY = YES;
				CLANG_WARN_ENUM_CONVERSION = YES;
				CLANG_WARN_INFINITE_RECURSION = YES;
				CLANG_WARN_INT_CONVERSION = YES;
				CLANG_WARN_NON_LITERAL_NULL_CONVERSION = YES;
				CLANG_WARN_OBJC_IMPLICIT_RETAIN_SELF = YES;
				CLANG_WARN_OBJC_LITERAL_CONVERSION = YES;
				CLANG_WARN_OBJC_ROOT_CLASS = YES_ERROR;
				CLANG_WARN_RANGE_LOOP_ANALYSIS = YES;
				CLANG_WARN_STRICT_PROTOTYPES = YES;
				CLANG_WARN_SUSPICIOUS_MOVE = YES;
				CLANG_WARN_UNGUARDED_AVAILABILITY = YES_AGGRESSIVE;
				CLANG_WARN_UNREACHABLE_CODE = YES;
				CLANG_WARN__DUPLICATE_METHOD_MATCH = YES;
				COPY_PHASE_STRIP = NO;
				DEBUG_INFORMATION_FORMAT = dwarf;
				ENABLE_STRICT_OBJC_MSGSEND = YES;
				ENABLE_TESTABILITY = YES;
				GCC_C_LANGUAGE_STANDARD = gnu11;
				GCC_DYNAMIC_NO_PIC = NO;
				GCC_NO_COMMON_BLOCKS = YES;
				GCC_OPTIMIZATION_LEVEL = 0;
				GCC_PREPROCESSOR_DEFINITIONS = (
					"DEBUG=1",
					"$(inherited)",
				);
				GCC_WARN_64_TO_32_BIT_CONVERSION = YES;
				GCC_WARN_ABOUT_RETURN_TYPE = YES_ERROR;
				GCC_WARN_UNDECLARED_SELECTOR = YES;
				GCC_WARN_UNINITIALIZED_AUTOS = YES_AGGRESSIVE;
				GCC_WARN_UNUSED_FUNCTION = YES;
				GCC_WARN_UNUSED_VARIABLE = YES;
				IPHONEOS_DEPLOYMENT_TARGET = 13.2;
				MTL_ENABLE_DEBUG_INFO = INCLUDE_SOURCE;
				MTL_FAST_MATH = YES;
				ONLY_ACTIVE_ARCH = YES;
				SDKROOT = iphoneos;
				SWIFT_ACTIVE_COMPILATION_CONDITIONS = DEBUG;
				SWIFT_OPTIMIZATION_LEVEL = "-Onone";
			};
			name = Debug;
		};
		B8074074244AB0B40087D7F1 /* Release */ = {
			isa = XCBuildConfiguration;
			buildSettings = {
				ALWAYS_SEARCH_USER_PATHS = NO;
				CLANG_ANALYZER_NONNULL = YES;
				CLANG_ANALYZER_NUMBER_OBJECT_CONVERSION = YES_AGGRESSIVE;
				CLANG_CXX_LANGUAGE_STANDARD = "gnu++14";
				CLANG_CXX_LIBRARY = "libc++";
				CLANG_ENABLE_MODULES = YES;
				CLANG_ENABLE_OBJC_ARC = YES;
				CLANG_ENABLE_OBJC_WEAK = YES;
				CLANG_WARN_BLOCK_CAPTURE_AUTORELEASING = YES;
				CLANG_WARN_BOOL_CONVERSION = YES;
				CLANG_WARN_COMMA = YES;
				CLANG_WARN_CONSTANT_CONVERSION = YES;
				CLANG_WARN_DEPRECATED_OBJC_IMPLEMENTATIONS = YES;
				CLANG_WARN_DIRECT_OBJC_ISA_USAGE = YES_ERROR;
				CLANG_WARN_DOCUMENTATION_COMMENTS = YES;
				CLANG_WARN_EMPTY_BODY = YES;
				CLANG_WARN_ENUM_CONVERSION = YES;
				CLANG_WARN_INFINITE_RECURSION = YES;
				CLANG_WARN_INT_CONVERSION = YES;
				CLANG_WARN_NON_LITERAL_NULL_CONVERSION = YES;
				CLANG_WARN_OBJC_IMPLICIT_RETAIN_SELF = YES;
				CLANG_WARN_OBJC_LITERAL_CONVERSION = YES;
				CLANG_WARN_OBJC_ROOT_CLASS = YES_ERROR;
				CLANG_WARN_RANGE_LOOP_ANALYSIS = YES;
				CLANG_WARN_STRICT_PROTOTYPES = YES;
				CLANG_WARN_SUSPICIOUS_MOVE = YES;
				CLANG_WARN_UNGUARDED_AVAILABILITY = YES_AGGRESSIVE;
				CLANG_WARN_UNREACHABLE_CODE = YES;
				CLANG_WARN__DUPLICATE_METHOD_MATCH = YES;
				COPY_PHASE_STRIP = NO;
				DEBUG_INFORMATION_FORMAT = "dwarf-with-dsym";
				ENABLE_NS_ASSERTIONS = NO;
				ENABLE_STRICT_OBJC_MSGSEND = YES;
				GCC_C_LANGUAGE_STANDARD = gnu11;
				GCC_NO_COMMON_BLOCKS = YES;
				GCC_WARN_64_TO_32_BIT_CONVERSION = YES;
				GCC_WARN_ABOUT_RETURN_TYPE = YES_ERROR;
				GCC_WARN_UNDECLARED_SELECTOR = YES;
				GCC_WARN_UNINITIALIZED_AUTOS = YES_AGGRESSIVE;
				GCC_WARN_UNUSED_FUNCTION = YES;
				GCC_WARN_UNUSED_VARIABLE = YES;
				IPHONEOS_DEPLOYMENT_TARGET = 13.2;
				MTL_ENABLE_DEBUG_INFO = NO;
				MTL_FAST_MATH = YES;
				SDKROOT = iphoneos;
				SWIFT_COMPILATION_MODE = wholemodule;
				SWIFT_OPTIMIZATION_LEVEL = "-O";
				VALIDATE_PRODUCT = YES;
			};
			name = Release;
		};
		B8074076244AB0B40087D7F1 /* Debug */ = {
			isa = XCBuildConfiguration;
			buildSettings = {
				ASSETCATALOG_COMPILER_APPICON_NAME = AppIcon;
				CODE_SIGN_STYLE = Automatic;
				INFOPLIST_FILE = IOS_FirstWeek_Seminar_Exercise/Info.plist;
				LD_RUNPATH_SEARCH_PATHS = (
					"$(inherited)",
					"@executable_path/Frameworks",
				);
				PRODUCT_BUNDLE_IDENTIFIER = "kr.ac.swu.IOS-FirstWeek-Seminar-Exercise";
				PRODUCT_NAME = "$(TARGET_NAME)";
				SWIFT_VERSION = 5.0;
				TARGETED_DEVICE_FAMILY = "1,2";
			};
			name = Debug;
		};
		B8074077244AB0B40087D7F1 /* Release */ = {
			isa = XCBuildConfiguration;
			buildSettings = {
				ASSETCATALOG_COMPILER_APPICON_NAME = AppIcon;
				CODE_SIGN_STYLE = Automatic;
				INFOPLIST_FILE = IOS_FirstWeek_Seminar_Exercise/Info.plist;
				LD_RUNPATH_SEARCH_PATHS = (
					"$(inherited)",
					"@executable_path/Frameworks",
				);
				PRODUCT_BUNDLE_IDENTIFIER = "kr.ac.swu.IOS-FirstWeek-Seminar-Exercise";
				PRODUCT_NAME = "$(TARGET_NAME)";
				SWIFT_VERSION = 5.0;
				TARGETED_DEVICE_FAMILY = "1,2";
			};
			name = Release;
		};
/* End XCBuildConfiguration section */

/* Begin XCConfigurationList section */
		B807405C244AB0B20087D7F1 /* Build configuration list for PBXProject "IOS_FirstWeek_Seminar_Exercise" */ = {
			isa = XCConfigurationList;
			buildConfigurations = (
				B8074073244AB0B40087D7F1 /* Debug */,
				B8074074244AB0B40087D7F1 /* Release */,
			);
			defaultConfigurationIsVisible = 0;
			defaultConfigurationName = Release;
		};
		B8074075244AB0B40087D7F1 /* Build configuration list for PBXNativeTarget "IOS_FirstWeek_Seminar_Exercise" */ = {
			isa = XCConfigurationList;
			buildConfigurations = (
				B8074076244AB0B40087D7F1 /* Debug */,
				B8074077244AB0B40087D7F1 /* Release */,
			);
			defaultConfigurationIsVisible = 0;
			defaultConfigurationName = Release;
		};
/* End XCConfigurationList section */
	};
	rootObject = B8074059244AB0B20087D7F1 /* Project object */;
}
